{
  "name": "@libs/utils",
  "version": "0.0.1",
  "lockfileVersion": 3,
  "requires": true,
  "packages": {
    "": {
      "name": "@libs/utils",
      "version": "0.0.1",
      "license": "MIT",
      "devDependencies": {},
      "engines": {
        "node": ">=20.0.0",
        "npm": ">=10.0.0"
      }
    }
  }
}
